
Microsoft Visual Studio Solution File, Format Version 12.00
# Visual Studio 15
VisualStudioVersion = 15.0.28010.2041
MinimumVisualStudioVersion = 10.0.40219.1
Project("{FAE04EC0-301F-11D3-BF4B-00C04F79EFBC}") = "Seminar12", "Seminar12\Seminar12.csproj", "{BBBC943B-8508-4B77-9DC4-EB736CD0A978}"
EndProject
Global
	GlobalSection(SolutionConfigurationPlatforms) = preSolution
		Debug|Any CPU = Debug|Any CPU
		Release|Any CPU = Release|Any CPU
	EndGlobalSection
	GlobalSection(ProjectConfigurationPlatforms) = postSolution
		{BBBC943B-8508-4B77-9DC4-EB736CD0A978}.Debug|Any CPU.ActiveCfg = Debug|Any CPU
		{BBBC943B-8508-4B77-9DC4-EB736CD0A978}.Debug|Any CPU.Build.0 = Debug|Any CPU
		{BBBC943B-8508-4B77-9DC4-EB736CD0A978}.Release|Any CPU.ActiveCfg = Release|Any CPU
		{BBBC943B-8508-4B77-9DC4-EB736CD0A978}.Release|Any CPU.Build.0 = Release|Any CPU
	EndGlobalSection
	GlobalSection(SolutionProperties) = preSolution
		HideSolutionNode = FALSE
	EndGlobalSection
	GlobalSection(ExtensibilityGlobals) = postSolution
		SolutionGuid = {E826C6C0-33A2-4FE1-8FBD-5FC9AD326DDD}
	EndGlobalSection
EndGlobal
